
Microsoft Visual Studio Solution File, Format Version 12.00
# Visual Studio Version 17
VisualStudioVersion = 17.10.34928.147
MinimumVisualStudioVersion = 10.0.40219.1
Project("{FAE04EC0-301F-11D3-BF4B-00C04F79EFBC}") = "Discord_bot", "Discord_bot.csproj", "{5EEC0536-CBAE-4B4E-AFAA-46C9BDDEE65C}"
EndProject
Global
	GlobalSection(SolutionConfigurationPlatforms) = preSolution
		Debug|Any CPU = Debug|Any CPU
		Release|Any CPU = Release|Any CPU
	EndGlobalSection
	GlobalSection(ProjectConfigurationPlatforms) = postSolution
		{5EEC0536-CBAE-4B4E-AFAA-46C9BDDEE65C}.Debug|Any CPU.ActiveCfg = Debug|Any CPU
		{5EEC0536-CBAE-4B4E-AFAA-46C9BDDEE65C}.Debug|Any CPU.Build.0 = Debug|Any CPU
		{5EEC0536-CBAE-4B4E-AFAA-46C9BDDEE65C}.Release|Any CPU.ActiveCfg = Release|Any CPU
		{5EEC0536-CBAE-4B4E-AFAA-46C9BDDEE65C}.Release|Any CPU.Build.0 = Release|Any CPU
	EndGlobalSection
	GlobalSection(SolutionProperties) = preSolution
		HideSolutionNode = FALSE
	EndGlobalSection
	GlobalSection(ExtensibilityGlobals) = postSolution
		SolutionGuid = {3BC9DE9E-18A4-498C-9447-4DB3645E08C6}
	EndGlobalSection
EndGlobal
